
Microsoft Visual Studio Solution File, Format Version 12.00
# Visual Studio Version 16
VisualStudioVersion = 16.0.31313.79
MinimumVisualStudioVersion = 10.0.40219.1
Project("{FAE04EC0-301F-11D3-BF4B-00C04F79EFBC}") = "Lab_V2", "Lab_V2\Lab_V2.csproj", "{7FCA5F4C-A370-483F-90A1-5E0B59B7589F}"
EndProject
Global
	GlobalSection(SolutionConfigurationPlatforms) = preSolution
		Debug|Any CPU = Debug|Any CPU
		Release|Any CPU = Release|Any CPU
	EndGlobalSection
	GlobalSection(ProjectConfigurationPlatforms) = postSolution
		{7FCA5F4C-A370-483F-90A1-5E0B59B7589F}.Debug|Any CPU.ActiveCfg = Debug|Any CPU
		{7FCA5F4C-A370-483F-90A1-5E0B59B7589F}.Debug|Any CPU.Build.0 = Debug|Any CPU
		{7FCA5F4C-A370-483F-90A1-5E0B59B7589F}.Release|Any CPU.ActiveCfg = Release|Any CPU
		{7FCA5F4C-A370-483F-90A1-5E0B59B7589F}.Release|Any CPU.Build.0 = Release|Any CPU
	EndGlobalSection
	GlobalSection(SolutionProperties) = preSolution
		HideSolutionNode = FALSE
	EndGlobalSection
	GlobalSection(ExtensibilityGlobals) = postSolution
		SolutionGuid = {04A51EA5-2C67-47AD-8472-E2BA92E55F5E}
	EndGlobalSection
EndGlobal
